
Microsoft Visual Studio Solution File, Format Version 12.00
# Visual Studio Version 17
VisualStudioVersion = 17.0.32112.339
MinimumVisualStudioVersion = 10.0.40219.1
Project("{9A19103F-16F7-4668-BE54-9A1E7A4F7556}") = "BigBazarAPI", "BigBazarAPI.csproj", "{CBC77D82-811B-4E8A-B843-99718A81067D}"
EndProject
Project("{9A19103F-16F7-4668-BE54-9A1E7A4F7556}") = "BigBazarService", "..\BigBazarService\BigBazarService.csproj", "{38BE65A8-0593-4A41-8B13-9D2E12A4713E}"
EndProject
Project("{9A19103F-16F7-4668-BE54-9A1E7A4F7556}") = "BigBazarRepository", "..\BigBazarRepository\BigBazarRepository.csproj", "{358CD858-009E-42A4-9AD9-8FDD02C8C33E}"
EndProject
Project("{9A19103F-16F7-4668-BE54-9A1E7A4F7556}") = "BigBazarModels", "..\BigBazarModels\BigBazarModels.csproj", "{E209B2DF-473D-40A7-B3FD-CEF1ED92C1E3}"
EndProject
Project("{9A19103F-16F7-4668-BE54-9A1E7A4F7556}") = "BigBazarData", "..\BigBazarData\BigBazarData.csproj", "{9AB6C20A-2EBC-4444-9471-9FCA3FDC5584}"
EndProject
Global
	GlobalSection(SolutionConfigurationPlatforms) = preSolution
		Debug|Any CPU = Debug|Any CPU
		Release|Any CPU = Release|Any CPU
	EndGlobalSection
	GlobalSection(ProjectConfigurationPlatforms) = postSolution
		{CBC77D82-811B-4E8A-B843-99718A81067D}.Debug|Any CPU.ActiveCfg = Debug|Any CPU
		{CBC77D82-811B-4E8A-B843-99718A81067D}.Debug|Any CPU.Build.0 = Debug|Any CPU
		{CBC77D82-811B-4E8A-B843-99718A81067D}.Release|Any CPU.ActiveCfg = Release|Any CPU
		{CBC77D82-811B-4E8A-B843-99718A81067D}.Release|Any CPU.Build.0 = Release|Any CPU
		{38BE65A8-0593-4A41-8B13-9D2E12A4713E}.Debug|Any CPU.ActiveCfg = Debug|Any CPU
		{38BE65A8-0593-4A41-8B13-9D2E12A4713E}.Debug|Any CPU.Build.0 = Debug|Any CPU
		{38BE65A8-0593-4A41-8B13-9D2E12A4713E}.Release|Any CPU.ActiveCfg = Release|Any CPU
		{38BE65A8-0593-4A41-8B13-9D2E12A4713E}.Release|Any CPU.Build.0 = Release|Any CPU
		{358CD858-009E-42A4-9AD9-8FDD02C8C33E}.Debug|Any CPU.ActiveCfg = Debug|Any CPU
		{358CD858-009E-42A4-9AD9-8FDD02C8C33E}.Debug|Any CPU.Build.0 = Debug|Any CPU
		{358CD858-009E-42A4-9AD9-8FDD02C8C33E}.Release|Any CPU.ActiveCfg = Release|Any CPU
		{358CD858-009E-42A4-9AD9-8FDD02C8C33E}.Release|Any CPU.Build.0 = Release|Any CPU
		{E209B2DF-473D-40A7-B3FD-CEF1ED92C1E3}.Debug|Any CPU.ActiveCfg = Debug|Any CPU
		{E209B2DF-473D-40A7-B3FD-CEF1ED92C1E3}.Debug|Any CPU.Build.0 = Debug|Any CPU
		{E209B2DF-473D-40A7-B3FD-CEF1ED92C1E3}.Release|Any CPU.ActiveCfg = Release|Any CPU
		{E209B2DF-473D-40A7-B3FD-CEF1ED92C1E3}.Release|Any CPU.Build.0 = Release|Any CPU
		{9AB6C20A-2EBC-4444-9471-9FCA3FDC5584}.Debug|Any CPU.ActiveCfg = Debug|Any CPU
		{9AB6C20A-2EBC-4444-9471-9FCA3FDC5584}.Debug|Any CPU.Build.0 = Debug|Any CPU
		{9AB6C20A-2EBC-4444-9471-9FCA3FDC5584}.Release|Any CPU.ActiveCfg = Release|Any CPU
		{9AB6C20A-2EBC-4444-9471-9FCA3FDC5584}.Release|Any CPU.Build.0 = Release|Any CPU
	EndGlobalSection
	GlobalSection(SolutionProperties) = preSolution
		HideSolutionNode = FALSE
	EndGlobalSection
	GlobalSection(ExtensibilityGlobals) = postSolution
		SolutionGuid = {6FF75CAC-B593-40B8-90EB-E7B3A2831791}
	EndGlobalSection
EndGlobal
